
Microsoft Visual Studio Solution File, Format Version 12.00
# Visual Studio 14
VisualStudioVersion = 14.0.25420.1
MinimumVisualStudioVersion = 10.0.40219.1
Project("{FAE04EC0-301F-11D3-BF4B-00C04F79EFBC}") = "WindowsFormsApplication1", "WindowsFormsApplication1\WindowsFormsApplication1.csproj", "{9F24F979-EE24-497B-895A-251A638B1128}"
EndProject
Project("{FAE04EC0-301F-11D3-BF4B-00C04F79EFBC}") = "Haming", "Haming\Haming.csproj", "{A757D9DB-D540-420B-B91F-C1CD3605C098}"
EndProject
Global
	GlobalSection(SolutionConfigurationPlatforms) = preSolution
		Debug|Any CPU = Debug|Any CPU
		Release|Any CPU = Release|Any CPU
	EndGlobalSection
	GlobalSection(ProjectConfigurationPlatforms) = postSolution
		{9F24F979-EE24-497B-895A-251A638B1128}.Debug|Any CPU.ActiveCfg = Debug|Any CPU
		{9F24F979-EE24-497B-895A-251A638B1128}.Debug|Any CPU.Build.0 = Debug|Any CPU
		{9F24F979-EE24-497B-895A-251A638B1128}.Release|Any CPU.ActiveCfg = Release|Any CPU
		{9F24F979-EE24-497B-895A-251A638B1128}.Release|Any CPU.Build.0 = Release|Any CPU
		{A757D9DB-D540-420B-B91F-C1CD3605C098}.Debug|Any CPU.ActiveCfg = Debug|Any CPU
		{A757D9DB-D540-420B-B91F-C1CD3605C098}.Debug|Any CPU.Build.0 = Debug|Any CPU
		{A757D9DB-D540-420B-B91F-C1CD3605C098}.Release|Any CPU.ActiveCfg = Release|Any CPU
		{A757D9DB-D540-420B-B91F-C1CD3605C098}.Release|Any CPU.Build.0 = Release|Any CPU
	EndGlobalSection
	GlobalSection(SolutionProperties) = preSolution
		HideSolutionNode = FALSE
	EndGlobalSection
EndGlobal
